{
    "name": "pp-js-lib",
    "version": "1.0.0",
    "lockfileVersion": 3,
    "requires": true,
    "packages": {
        "": {
            "name": "pp-js-lib",
            "version": "1.0.0",
            "license": "ISC",
            "dependencies": {
                "@noble/post-quantum": "^0.5.0"
            }
        },
        "node_modules/@noble/curves": {
            "version": "2.0.0-beta.3",
            "resolved": "https://registry.npmjs.org/@noble/curves/-/curves-2.0.0-beta.3.tgz",
            "integrity": "sha512-OHdVTVGr9r/Gvq0fmFNMXroa7Xbv1i53mTiB4YrMQWvsvRo3KrH9E+tD2/Tr2qwpn90LX9CUfuEOUFk60u7/Bw==",
            "license": "MIT",
            "dependencies": {
                "@noble/hashes": "2.0.0-beta.5"
            },
            "engines": {
                "node": ">= 20.19.0"
            },
            "funding": {
                "url": "https://paulmillr.com/funding/"
            }
        },
        "node_modules/@noble/hashes": {
            "version": "2.0.0-beta.5",
            "resolved": "https://registry.npmjs.org/@noble/hashes/-/hashes-2.0.0-beta.5.tgz",
            "integrity": "sha512-v3Q6oF/QtOKfzmpF6XRnfRgzF0UK5sTFrL2F+EGlxQblDtF/VzZs7CG4eegOJBYJcNdGXHWOvcI04PpoUFqUUg==",
            "license": "MIT",
            "engines": {
                "node": ">= 20.19.0"
            },
            "funding": {
                "url": "https://paulmillr.com/funding/"
            }
        },
        "node_modules/@noble/post-quantum": {
            "version": "0.5.0",
            "resolved": "https://registry.npmjs.org/@noble/post-quantum/-/post-quantum-0.5.0.tgz",
            "integrity": "sha512-f2b+EM+FK3dyUmiqXXwrqgP5enwqQXsIfSPK9bX2B8ljcA6WwdgjK0XUrraoVxxWIx47AXluI3zAxo/se4b7DA==",
            "license": "MIT",
            "dependencies": {
                "@noble/curves": "~2.0.0-beta.3",
                "@noble/hashes": "~2.0.0-beta.5"
            },
            "engines": {
                "node": ">= 20.19.0"
            },
            "funding": {
                "url": "https://paulmillr.com/funding/"
            }
        }
    }
}
